Microsoft Visual Studio Solution File, Format Version 12.00
# Visual Studio Version 17
VisualStudioVersion = 17.5.2.0
MinimumVisualStudioVersion = 10.0.40219.1
Project("{FAE04EC0-301F-11D3-BF4B-00C04F79EFBC}") = "HelloWorldAgent", "HelloWorldAgent\HelloWorldAgent.csproj", "{D692C975-4004-E975-75D0-1D71881B0FF7}"
EndProject
Global
	GlobalSection(SolutionConfigurationPlatforms) = preSolution
		Debug|Any CPU = Debug|Any CPU
		Release|Any CPU = Release|Any CPU
	EndGlobalSection
	GlobalSection(ProjectConfigurationPlatforms) = postSolution
		{D692C975-4004-E975-75D0-1D71881B0FF7}.Debug|Any CPU.ActiveCfg = Debug|Any CPU
		{D692C975-4004-E975-75D0-1D71881B0FF7}.Debug|Any CPU.Build.0 = Debug|Any CPU
		{D692C975-4004-E975-75D0-1D71881B0FF7}.Release|Any CPU.ActiveCfg = Release|Any CPU
		{D692C975-4004-E975-75D0-1D71881B0FF7}.Release|Any CPU.Build.0 = Release|Any CPU
	EndGlobalSection
	GlobalSection(SolutionProperties) = preSolution
		HideSolutionNode = FALSE
	EndGlobalSection
	GlobalSection(ExtensibilityGlobals) = postSolution
		SolutionGuid = {F0760747-C78D-4118-B675-E84036BAF161}
	EndGlobalSection
EndGlobal
